
Microsoft Visual Studio Solution File, Format Version 12.00
# Visual Studio Version 17
VisualStudioVersion = 17.5.002.0
MinimumVisualStudioVersion = 10.0.40219.1
Project("{9A19103F-16F7-4668-BE54-9A1E7A4F7556}") = "task", "task\task.csproj", "{AA8F18B5-9128-45B8-9F03-816D6355A24F}"
EndProject
Global
	GlobalSection(SolutionConfigurationPlatforms) = preSolution
		Debug|Any CPU = Debug|Any CPU
		Release|Any CPU = Release|Any CPU
	EndGlobalSection
	GlobalSection(ProjectConfigurationPlatforms) = postSolution
		{AA8F18B5-9128-45B8-9F03-816D6355A24F}.Debug|Any CPU.ActiveCfg = Debug|Any CPU
		{AA8F18B5-9128-45B8-9F03-816D6355A24F}.Debug|Any CPU.Build.0 = Debug|Any CPU
		{AA8F18B5-9128-45B8-9F03-816D6355A24F}.Release|Any CPU.ActiveCfg = Release|Any CPU
		{AA8F18B5-9128-45B8-9F03-816D6355A24F}.Release|Any CPU.Build.0 = Release|Any CPU
	EndGlobalSection
	GlobalSection(SolutionProperties) = preSolution
		HideSolutionNode = FALSE
	EndGlobalSection
	GlobalSection(ExtensibilityGlobals) = postSolution
		SolutionGuid = {02ED394E-2A9B-414B-A193-1566B1F644FD}
	EndGlobalSection
EndGlobal
